
Microsoft Visual Studio Solution File, Format Version 12.00
# Visual Studio Version 16
VisualStudioVersion = 16.0.29613.14
MinimumVisualStudioVersion = 10.0.40219.1
Project("{FAE04EC0-301F-11D3-BF4B-00C04F79EFBC}") = "MVL", "MVL\MVL.csproj", "{8604E52F-C7A2-43DE-9C8E-A0B31A89F72A}"
EndProject
Global
	GlobalSection(SolutionConfigurationPlatforms) = preSolution
		Debug|Any CPU = Debug|Any CPU
		Release|Any CPU = Release|Any CPU
	EndGlobalSection
	GlobalSection(ProjectConfigurationPlatforms) = postSolution
		{8604E52F-C7A2-43DE-9C8E-A0B31A89F72A}.Debug|Any CPU.ActiveCfg = Debug|Any CPU
		{8604E52F-C7A2-43DE-9C8E-A0B31A89F72A}.Debug|Any CPU.Build.0 = Debug|Any CPU
		{8604E52F-C7A2-43DE-9C8E-A0B31A89F72A}.Release|Any CPU.ActiveCfg = Release|Any CPU
		{8604E52F-C7A2-43DE-9C8E-A0B31A89F72A}.Release|Any CPU.Build.0 = Release|Any CPU
	EndGlobalSection
	GlobalSection(SolutionProperties) = preSolution
		HideSolutionNode = FALSE
	EndGlobalSection
	GlobalSection(ExtensibilityGlobals) = postSolution
		SolutionGuid = {FA5AF8F1-E600-47B8-89C1-8CC30A645842}
	EndGlobalSection
EndGlobal
